
Microsoft Visual Studio Solution File, Format Version 12.00
# Visual Studio Version 16
VisualStudioVersion = 16.0.33927.289
MinimumVisualStudioVersion = 10.0.40219.1
Project("{2150E333-8FDC-42A3-9474-1A3956D46DE8}") = "Task0", "Task0", "{ED089B8F-5FBB-4B71-BBA7-1686325D4940}"
EndProject
Project("{FAE04EC0-301F-11D3-BF4B-00C04F79EFBC}") = "Tyuiu.SabarovDA.Sprint5.Task0.V29", "Tyuiu.SabarovDA.Sprint5.Task0.V29\Tyuiu.SabarovDA.Sprint5.Task0.V29.csproj", "{802A63A1-24EB-488F-95EF-982948B2B971}"
EndProject
Project("{FAE04EC0-301F-11D3-BF4B-00C04F79EFBC}") = "Tyuiu.SabarovDA.Sprint5.Task0.V29.Lib", "Tyuiu.SabarovDA.Sprint5.Task0.V29.Lib\Tyuiu.SabarovDA.Sprint5.Task0.V29.Lib.csproj", "{5D90D314-6D38-47FA-ACC4-A87F87C89A40}"
EndProject
Project("{FAE04EC0-301F-11D3-BF4B-00C04F79EFBC}") = "Tyuiu.SabarovDA.Sprint5.Task0.V29.Test", "Tyuiu.SabarovDA.Sprint5.Task0.V29.Test\Tyuiu.SabarovDA.Sprint5.Task0.V29.Test.csproj", "{705A9654-CABD-4BDC-9583-1F54AE05DE67}"
EndProject
Project("{2150E333-8FDC-42A3-9474-1A3956D46DE8}") = "Task1", "Task1", "{50C83948-B75F-4176-99D4-C5E05F4BDBFB}"
EndProject
Project("{FAE04EC0-301F-11D3-BF4B-00C04F79EFBC}") = "Tyuiu.SabarovDA.Sprint5.Task1.V19", "Tyuiu.SabarovDA.Sprint5.Task1.V19\Tyuiu.SabarovDA.Sprint5.Task1.V19.csproj", "{9E6DE821-019B-4165-ABEF-1DE6BCBB9623}"
EndProject
Project("{FAE04EC0-301F-11D3-BF4B-00C04F79EFBC}") = "Tyuiu.SabarovDA.Sprint5.Task1.V19.Lib", "Tyuiu.SabarovDA.Sprint5.Task1.V19.Lib\Tyuiu.SabarovDA.Sprint5.Task1.V19.Lib.csproj", "{F84D1B32-D90F-452E-9496-B7D4E077E467}"
EndProject
Project("{FAE04EC0-301F-11D3-BF4B-00C04F79EFBC}") = "Tyuiu.SabarovDA.Sprint5.Task1.V19.Test", "Tyuiu.SabarovDA.Sprint5.Task1.V19.Test\Tyuiu.SabarovDA.Sprint5.Task1.V19.Test.csproj", "{429FDF86-E426-4587-BE67-F1F1A838B120}"
EndProject
Project("{2150E333-8FDC-42A3-9474-1A3956D46DE8}") = "Task3", "Task3", "{41761031-CC9A-482A-92C0-9338AA218F2B}"
EndProject
Project("{FAE04EC0-301F-11D3-BF4B-00C04F79EFBC}") = "Tyuiu.SabarovDA.Sprint5.Task3.V30", "Tyuiu.SabarovDA.Sprint5.Task3.V30\Tyuiu.SabarovDA.Sprint5.Task3.V30.csproj", "{0C5DD378-2715-4221-8523-CCE052862198}"
EndProject
Project("{FAE04EC0-301F-11D3-BF4B-00C04F79EFBC}") = "Tyuiu.SabarovDA.Sprint5.Task3.V30.Lib", "Tyuiu.SabarovDA.Sprint5.Task3.V30.Lib\Tyuiu.SabarovDA.Sprint5.Task3.V30.Lib.csproj", "{3C5AC4E5-729B-4EB0-B361-C3FC0BEC053B}"
EndProject
Project("{FAE04EC0-301F-11D3-BF4B-00C04F79EFBC}") = "Tyuiu.SabarovDA.Sprint5.Task3.V30.Test", "Tyuiu.SabarovDA.Sprint5.Task3.V30.Test\Tyuiu.SabarovDA.Sprint5.Task3.V30.Test.csproj", "{C4FEEC0A-57B2-4BAA-A23A-E17954DC28D1}"
EndProject
Project("{2150E333-8FDC-42A3-9474-1A3956D46DE8}") = "Task4", "Task4", "{54C08B12-6D3C-483D-B199-D6A326C54158}"
EndProject
Project("{FAE04EC0-301F-11D3-BF4B-00C04F79EFBC}") = "Tyuiu.SabarovDA.Sprint5.Task4.V21", "Tyuiu.SabarovDA.Sprint5.Task4.V21\Tyuiu.SabarovDA.Sprint5.Task4.V21.csproj", "{459B18F1-631A-4BC0-9CD4-05336EAEB0E5}"
EndProject
Project("{FAE04EC0-301F-11D3-BF4B-00C04F79EFBC}") = "Tyuiu.SabarovDA.Sprint5.Task4.V21.Lib", "Tyuiu.SabarovDA.Sprint5.Task4.V21.Lib\Tyuiu.SabarovDA.Sprint5.Task4.V21.Lib.csproj", "{70F5A3FA-1BF7-4447-BB38-01A65FB5B8DB}"
EndProject
Project("{FAE04EC0-301F-11D3-BF4B-00C04F79EFBC}") = "Tyuiu.SabarovDA.Sprint5.Task4.V21.Test", "Tyuiu.SabarovDA.Sprint5.Task4.V21.Test\Tyuiu.SabarovDA.Sprint5.Task4.V21.Test.csproj", "{688E21B3-7AEA-4600-8DAC-8321E6559892}"
EndProject
Project("{2150E333-8FDC-42A3-9474-1A3956D46DE8}") = "Task5", "Task5", "{7CF41A15-1A51-4B2A-A374-F2E454DCAE45}"
EndProject
Project("{FAE04EC0-301F-11D3-BF4B-00C04F79EFBC}") = "Tyuiu.SabarovDA.Sprint5.Task5.V15", "Tyuiu.SabarovDA.Sprint5.Task5.V15\Tyuiu.SabarovDA.Sprint5.Task5.V15.csproj", "{44BBCBBB-4000-412D-A926-D518193A9861}"
EndProject
Project("{FAE04EC0-301F-11D3-BF4B-00C04F79EFBC}") = "Tyuiu.SabarovDA.Sprint5.Task5.V15.Lib", "Tyuiu.SabarovDA.Sprint5.Task5.V15.Lib\Tyuiu.SabarovDA.Sprint5.Task5.V15.Lib.csproj", "{CF8B22B1-5578-4FF7-BAB8-2FE8E7C82206}"
EndProject
Project("{FAE04EC0-301F-11D3-BF4B-00C04F79EFBC}") = "Tyuiu.SabarovDA.Sprint5.Task5.V15.Test", "Tyuiu.SabarovDA.Sprint5.Task5.V15.Test\Tyuiu.SabarovDA.Sprint5.Task5.V15.Test.csproj", "{99F18B1E-9503-4335-8744-55BFF9F1A874}"
EndProject
Project("{2150E333-8FDC-42A3-9474-1A3956D46DE8}") = "Task6", "Task6", "{AAC2060C-A9F5-4F26-9305-9352FDDF06B4}"
EndProject
Project("{FAE04EC0-301F-11D3-BF4B-00C04F79EFBC}") = "Tyuiu.SabarovDA.Sprint5.Task6.V2", "Tyuiu.SabarovDA.Sprint5.Task6.V2\Tyuiu.SabarovDA.Sprint5.Task6.V2.csproj", "{8A45EB0A-1A69-40FC-92CE-1E95B2C56D5A}"
EndProject
Project("{FAE04EC0-301F-11D3-BF4B-00C04F79EFBC}") = "Tyuiu.SabarovDA.Sprint5.Task6.V2.Lib", "Tyuiu.SabarovDA.Sprint5.Task6.V2.Lib\Tyuiu.SabarovDA.Sprint5.Task6.V2.Lib.csproj", "{53EC5D63-50A4-4E43-B1F8-3BCFDB21B006}"
EndProject
Project("{FAE04EC0-301F-11D3-BF4B-00C04F79EFBC}") = "Tyuiu.SabarovDA.Sprint5.Task6.V2.Test", "Tyuiu.SabarovDA.Sprint5.Task6.V2.Test\Tyuiu.SabarovDA.Sprint5.Task6.V2.Test.csproj", "{9394DD60-7B7F-45CB-A8D2-02147D401EA2}"
EndProject
Project("{2150E333-8FDC-42A3-9474-1A3956D46DE8}") = "Task2", "Task2", "{0FFD48E6-6DDD-41B4-9BE8-458E351413A0}"
EndProject
Project("{FAE04EC0-301F-11D3-BF4B-00C04F79EFBC}") = "Tyuiu.SabarovDA.Sprint5.Task2.V6", "Tyuiu.SabarovDA.Sprint5.Task2.V6\Tyuiu.SabarovDA.Sprint5.Task2.V6.csproj", "{8592EBDC-399F-46E0-8530-1FEF1A99DE15}"
EndProject
Project("{FAE04EC0-301F-11D3-BF4B-00C04F79EFBC}") = "Tyuiu.SabarovDA.Sprint5.Task2.V6.Lib", "Tyuiu.SabarovDA.Sprint5.Task2.V6.Lib\Tyuiu.SabarovDA.Sprint5.Task2.V6.Lib.csproj", "{D01750F7-B8A7-4AD4-A992-D84F215E3FAF}"
EndProject
Project("{FAE04EC0-301F-11D3-BF4B-00C04F79EFBC}") = "Tyuiu.SabarovDA.Sprint5.Task2.V6.Test", "Tyuiu.SabarovDA.Sprint5.Task2.V6.Test\Tyuiu.SabarovDA.Sprint5.Task2.V6.Test.csproj", "{159BAE1E-000C-4283-BDFC-1B5605FC0160}"
EndProject
Global
	GlobalSection(SolutionConfigurationPlatforms) = preSolution
		Debug|Any CPU = Debug|Any CPU
		Release|Any CPU = Release|Any CPU
	EndGlobalSection
	GlobalSection(ProjectConfigurationPlatforms) = postSolution
		{802A63A1-24EB-488F-95EF-982948B2B971}.Debug|Any CPU.ActiveCfg = Debug|Any CPU
		{802A63A1-24EB-488F-95EF-982948B2B971}.Debug|Any CPU.Build.0 = Debug|Any CPU
		{802A63A1-24EB-488F-95EF-982948B2B971}.Release|Any CPU.ActiveCfg = Release|Any CPU
		{802A63A1-24EB-488F-95EF-982948B2B971}.Release|Any CPU.Build.0 = Release|Any CPU
		{5D90D314-6D38-47FA-ACC4-A87F87C89A40}.Debug|Any CPU.ActiveCfg = Debug|Any CPU
		{5D90D314-6D38-47FA-ACC4-A87F87C89A40}.Debug|Any CPU.Build.0 = Debug|Any CPU
		{5D90D314-6D38-47FA-ACC4-A87F87C89A40}.Release|Any CPU.ActiveCfg = Release|Any CPU
		{5D90D314-6D38-47FA-ACC4-A87F87C89A40}.Release|Any CPU.Build.0 = Release|Any CPU
		{705A9654-CABD-4BDC-9583-1F54AE05DE67}.Debug|Any CPU.ActiveCfg = Debug|Any CPU
		{705A9654-CABD-4BDC-9583-1F54AE05DE67}.Debug|Any CPU.Build.0 = Debug|Any CPU
		{705A9654-CABD-4BDC-9583-1F54AE05DE67}.Release|Any CPU.ActiveCfg = Release|Any CPU
		{705A9654-CABD-4BDC-9583-1F54AE05DE67}.Release|Any CPU.Build.0 = Release|Any CPU
		{9E6DE821-019B-4165-ABEF-1DE6BCBB9623}.Debug|Any CPU.ActiveCfg = Debug|Any CPU
		{9E6DE821-019B-4165-ABEF-1DE6BCBB9623}.Debug|Any CPU.Build.0 = Debug|Any CPU
		{9E6DE821-019B-4165-ABEF-1DE6BCBB9623}.Release|Any CPU.ActiveCfg = Release|Any CPU
		{9E6DE821-019B-4165-ABEF-1DE6BCBB9623}.Release|Any CPU.Build.0 = Release|Any CPU
		{F84D1B32-D90F-452E-9496-B7D4E077E467}.Debug|Any CPU.ActiveCfg = Debug|Any CPU
		{F84D1B32-D90F-452E-9496-B7D4E077E467}.Debug|Any CPU.Build.0 = Debug|Any CPU
		{F84D1B32-D90F-452E-9496-B7D4E077E467}.Release|Any CPU.ActiveCfg = Release|Any CPU
		{F84D1B32-D90F-452E-9496-B7D4E077E467}.Release|Any CPU.Build.0 = Release|Any CPU
		{429FDF86-E426-4587-BE67-F1F1A838B120}.Debug|Any CPU.ActiveCfg = Debug|Any CPU
		{429FDF86-E426-4587-BE67-F1F1A838B120}.Debug|Any CPU.Build.0 = Debug|Any CPU
		{429FDF86-E426-4587-BE67-F1F1A838B120}.Release|Any CPU.ActiveCfg = Release|Any CPU
		{429FDF86-E426-4587-BE67-F1F1A838B120}.Release|Any CPU.Build.0 = Release|Any CPU
		{0C5DD378-2715-4221-8523-CCE052862198}.Debug|Any CPU.ActiveCfg = Debug|Any CPU
		{0C5DD378-2715-4221-8523-CCE052862198}.Debug|Any CPU.Build.0 = Debug|Any CPU
		{0C5DD378-2715-4221-8523-CCE052862198}.Release|Any CPU.ActiveCfg = Release|Any CPU
		{0C5DD378-2715-4221-8523-CCE052862198}.Release|Any CPU.Build.0 = Release|Any CPU
		{3C5AC4E5-729B-4EB0-B361-C3FC0BEC053B}.Debug|Any CPU.ActiveCfg = Debug|Any CPU
		{3C5AC4E5-729B-4EB0-B361-C3FC0BEC053B}.Debug|Any CPU.Build.0 = Debug|Any CPU
		{3C5AC4E5-729B-4EB0-B361-C3FC0BEC053B}.Release|Any CPU.ActiveCfg = Release|Any CPU
		{3C5AC4E5-729B-4EB0-B361-C3FC0BEC053B}.Release|Any CPU.Build.0 = Release|Any CPU
		{C4FEEC0A-57B2-4BAA-A23A-E17954DC28D1}.Debug|Any CPU.ActiveCfg = Debug|Any CPU
		{C4FEEC0A-57B2-4BAA-A23A-E17954DC28D1}.Debug|Any CPU.Build.0 = Debug|Any CPU
		{C4FEEC0A-57B2-4BAA-A23A-E17954DC28D1}.Release|Any CPU.ActiveCfg = Release|Any CPU
		{C4FEEC0A-57B2-4BAA-A23A-E17954DC28D1}.Release|Any CPU.Build.0 = Release|Any CPU
		{459B18F1-631A-4BC0-9CD4-05336EAEB0E5}.Debug|Any CPU.ActiveCfg = Debug|Any CPU
		{459B18F1-631A-4BC0-9CD4-05336EAEB0E5}.Debug|Any CPU.Build.0 = Debug|Any CPU
		{459B18F1-631A-4BC0-9CD4-05336EAEB0E5}.Release|Any CPU.ActiveCfg = Release|Any CPU
		{459B18F1-631A-4BC0-9CD4-05336EAEB0E5}.Release|Any CPU.Build.0 = Release|Any CPU
		{70F5A3FA-1BF7-4447-BB38-01A65FB5B8DB}.Debug|Any CPU.ActiveCfg = Debug|Any CPU
		{70F5A3FA-1BF7-4447-BB38-01A65FB5B8DB}.Debug|Any CPU.Build.0 = Debug|Any CPU
		{70F5A3FA-1BF7-4447-BB38-01A65FB5B8DB}.Release|Any CPU.ActiveCfg = Release|Any CPU
		{70F5A3FA-1BF7-4447-BB38-01A65FB5B8DB}.Release|Any CPU.Build.0 = Release|Any CPU
		{688E21B3-7AEA-4600-8DAC-8321E6559892}.Debug|Any CPU.ActiveCfg = Debug|Any CPU
		{688E21B3-7AEA-4600-8DAC-8321E6559892}.Debug|Any CPU.Build.0 = Debug|Any CPU
		{688E21B3-7AEA-4600-8DAC-8321E6559892}.Release|Any CPU.ActiveCfg = Release|Any CPU
		{688E21B3-7AEA-4600-8DAC-8321E6559892}.Release|Any CPU.Build.0 = Release|Any CPU
		{44BBCBBB-4000-412D-A926-D518193A9861}.Debug|Any CPU.ActiveCfg = Debug|Any CPU
		{44BBCBBB-4000-412D-A926-D518193A9861}.Debug|Any CPU.Build.0 = Debug|Any CPU
		{44BBCBBB-4000-412D-A926-D518193A9861}.Release|Any CPU.ActiveCfg = Release|Any CPU
		{44BBCBBB-4000-412D-A926-D518193A9861}.Release|Any CPU.Build.0 = Release|Any CPU
		{CF8B22B1-5578-4FF7-BAB8-2FE8E7C82206}.Debug|Any CPU.ActiveCfg = Debug|Any CPU
		{CF8B22B1-5578-4FF7-BAB8-2FE8E7C82206}.Debug|Any CPU.Build.0 = Debug|Any CPU
		{CF8B22B1-5578-4FF7-BAB8-2FE8E7C82206}.Release|Any CPU.ActiveCfg = Release|Any CPU
		{CF8B22B1-5578-4FF7-BAB8-2FE8E7C82206}.Release|Any CPU.Build.0 = Release|Any CPU
		{99F18B1E-9503-4335-8744-55BFF9F1A874}.Debug|Any CPU.ActiveCfg = Debug|Any CPU
		{99F18B1E-9503-4335-8744-55BFF9F1A874}.Debug|Any CPU.Build.0 = Debug|Any CPU
		{99F18B1E-9503-4335-8744-55BFF9F1A874}.Release|Any CPU.ActiveCfg = Release|Any CPU
		{99F18B1E-9503-4335-8744-55BFF9F1A874}.Release|Any CPU.Build.0 = Release|Any CPU
		{8A45EB0A-1A69-40FC-92CE-1E95B2C56D5A}.Debug|Any CPU.ActiveCfg = Debug|Any CPU
		{8A45EB0A-1A69-40FC-92CE-1E95B2C56D5A}.Debug|Any CPU.Build.0 = Debug|Any CPU
		{8A45EB0A-1A69-40FC-92CE-1E95B2C56D5A}.Release|Any CPU.ActiveCfg = Release|Any CPU
		{8A45EB0A-1A69-40FC-92CE-1E95B2C56D5A}.Release|Any CPU.Build.0 = Release|Any CPU
		{53EC5D63-50A4-4E43-B1F8-3BCFDB21B006}.Debug|Any CPU.ActiveCfg = Debug|Any CPU
		{53EC5D63-50A4-4E43-B1F8-3BCFDB21B006}.Debug|Any CPU.Build.0 = Debug|Any CPU
		{53EC5D63-50A4-4E43-B1F8-3BCFDB21B006}.Release|Any CPU.ActiveCfg = Release|Any CPU
		{53EC5D63-50A4-4E43-B1F8-3BCFDB21B006}.Release|Any CPU.Build.0 = Release|Any CPU
		{9394DD60-7B7F-45CB-A8D2-02147D401EA2}.Debug|Any CPU.ActiveCfg = Debug|Any CPU
		{9394DD60-7B7F-45CB-A8D2-02147D401EA2}.Debug|Any CPU.Build.0 = Debug|Any CPU
		{9394DD60-7B7F-45CB-A8D2-02147D401EA2}.Release|Any CPU.ActiveCfg = Release|Any CPU
		{9394DD60-7B7F-45CB-A8D2-02147D401EA2}.Release|Any CPU.Build.0 = Release|Any CPU
		{8592EBDC-399F-46E0-8530-1FEF1A99DE15}.Debug|Any CPU.ActiveCfg = Debug|Any CPU
		{8592EBDC-399F-46E0-8530-1FEF1A99DE15}.Debug|Any CPU.Build.0 = Debug|Any CPU
		{8592EBDC-399F-46E0-8530-1FEF1A99DE15}.Release|Any CPU.ActiveCfg = Release|Any CPU
		{8592EBDC-399F-46E0-8530-1FEF1A99DE15}.Release|Any CPU.Build.0 = Release|Any CPU
		{D01750F7-B8A7-4AD4-A992-D84F215E3FAF}.Debug|Any CPU.ActiveCfg = Debug|Any CPU
		{D01750F7-B8A7-4AD4-A992-D84F215E3FAF}.Debug|Any CPU.Build.0 = Debug|Any CPU
		{D01750F7-B8A7-4AD4-A992-D84F215E3FAF}.Release|Any CPU.ActiveCfg = Release|Any CPU
		{D01750F7-B8A7-4AD4-A992-D84F215E3FAF}.Release|Any CPU.Build.0 = Release|Any CPU
		{159BAE1E-000C-4283-BDFC-1B5605FC0160}.Debug|Any CPU.ActiveCfg = Debug|Any CPU
		{159BAE1E-000C-4283-BDFC-1B5605FC0160}.Debug|Any CPU.Build.0 = Debug|Any CPU
		{159BAE1E-000C-4283-BDFC-1B5605FC0160}.Release|Any CPU.ActiveCfg = Release|Any CPU
		{159BAE1E-000C-4283-BDFC-1B5605FC0160}.Release|Any CPU.Build.0 = Release|Any CPU
	EndGlobalSection
	GlobalSection(SolutionProperties) = preSolution
		HideSolutionNode = FALSE
	EndGlobalSection
	GlobalSection(NestedProjects) = preSolution
		{802A63A1-24EB-488F-95EF-982948B2B971} = {ED089B8F-5FBB-4B71-BBA7-1686325D4940}
		{5D90D314-6D38-47FA-ACC4-A87F87C89A40} = {ED089B8F-5FBB-4B71-BBA7-1686325D4940}
		{705A9654-CABD-4BDC-9583-1F54AE05DE67} = {ED089B8F-5FBB-4B71-BBA7-1686325D4940}
		{9E6DE821-019B-4165-ABEF-1DE6BCBB9623} = {50C83948-B75F-4176-99D4-C5E05F4BDBFB}
		{F84D1B32-D90F-452E-9496-B7D4E077E467} = {50C83948-B75F-4176-99D4-C5E05F4BDBFB}
		{429FDF86-E426-4587-BE67-F1F1A838B120} = {50C83948-B75F-4176-99D4-C5E05F4BDBFB}
		{0C5DD378-2715-4221-8523-CCE052862198} = {41761031-CC9A-482A-92C0-9338AA218F2B}
		{3C5AC4E5-729B-4EB0-B361-C3FC0BEC053B} = {41761031-CC9A-482A-92C0-9338AA218F2B}
		{C4FEEC0A-57B2-4BAA-A23A-E17954DC28D1} = {41761031-CC9A-482A-92C0-9338AA218F2B}
		{459B18F1-631A-4BC0-9CD4-05336EAEB0E5} = {54C08B12-6D3C-483D-B199-D6A326C54158}
		{70F5A3FA-1BF7-4447-BB38-01A65FB5B8DB} = {54C08B12-6D3C-483D-B199-D6A326C54158}
		{688E21B3-7AEA-4600-8DAC-8321E6559892} = {54C08B12-6D3C-483D-B199-D6A326C54158}
		{44BBCBBB-4000-412D-A926-D518193A9861} = {7CF41A15-1A51-4B2A-A374-F2E454DCAE45}
		{CF8B22B1-5578-4FF7-BAB8-2FE8E7C82206} = {7CF41A15-1A51-4B2A-A374-F2E454DCAE45}
		{99F18B1E-9503-4335-8744-55BFF9F1A874} = {7CF41A15-1A51-4B2A-A374-F2E454DCAE45}
		{8A45EB0A-1A69-40FC-92CE-1E95B2C56D5A} = {AAC2060C-A9F5-4F26-9305-9352FDDF06B4}
		{53EC5D63-50A4-4E43-B1F8-3BCFDB21B006} = {AAC2060C-A9F5-4F26-9305-9352FDDF06B4}
		{9394DD60-7B7F-45CB-A8D2-02147D401EA2} = {AAC2060C-A9F5-4F26-9305-9352FDDF06B4}
		{8592EBDC-399F-46E0-8530-1FEF1A99DE15} = {0FFD48E6-6DDD-41B4-9BE8-458E351413A0}
		{D01750F7-B8A7-4AD4-A992-D84F215E3FAF} = {0FFD48E6-6DDD-41B4-9BE8-458E351413A0}
		{159BAE1E-000C-4283-BDFC-1B5605FC0160} = {0FFD48E6-6DDD-41B4-9BE8-458E351413A0}
	EndGlobalSection
	GlobalSection(ExtensibilityGlobals) = postSolution
		SolutionGuid = {6BC5CC2F-8F22-4161-94EB-E352637AAD50}
	EndGlobalSection
EndGlobal
